
Microsoft Visual Studio Solution File, Format Version 12.00
Project("{FAE04EC0-301F-11D3-BF4B-00C04F79EFBC}") = "RiderMaui", "RiderMaui.csproj", "{96211156-3039-4E5D-AACE-74DE4E3640DE}"
EndProject
Global
	GlobalSection(SolutionConfigurationPlatforms) = preSolution
		Debug|Any CPU = Debug|Any CPU
		Release|Any CPU = Release|Any CPU
	EndGlobalSection
	GlobalSection(ProjectConfigurationPlatforms) = postSolution
		{96211156-3039-4E5D-AACE-74DE4E3640DE}.Debug|Any CPU.ActiveCfg = Debug|Any CPU
		{96211156-3039-4E5D-AACE-74DE4E3640DE}.Debug|Any CPU.Build.0 = Debug|Any CPU
		{96211156-3039-4E5D-AACE-74DE4E3640DE}.Release|Any CPU.ActiveCfg = Release|Any CPU
		{96211156-3039-4E5D-AACE-74DE4E3640DE}.Release|Any CPU.Build.0 = Release|Any CPU
	EndGlobalSection
EndGlobal
